
Microsoft Visual Studio Solution File, Format Version 12.00
# Visual Studio Version 16
VisualStudioVersion = 16.0.30404.54
MinimumVisualStudioVersion = 10.0.40219.1
Project("{FAE04EC0-301F-11D3-BF4B-00C04F79EFBC}") = "OpenTelemetryYoutube", "OpenTelemetryYoutube\OpenTelemetryYoutube.csproj", "{A876C248-1E5D-4ED2-BD38-ECC14E863E89}"
EndProject
Global
	GlobalSection(SolutionConfigurationPlatforms) = preSolution
		Debug|Any CPU = Debug|Any CPU
		Release|Any CPU = Release|Any CPU
	EndGlobalSection
	GlobalSection(ProjectConfigurationPlatforms) = postSolution
		{A876C248-1E5D-4ED2-BD38-ECC14E863E89}.Debug|Any CPU.ActiveCfg = Debug|Any CPU
		{A876C248-1E5D-4ED2-BD38-ECC14E863E89}.Debug|Any CPU.Build.0 = Debug|Any CPU
		{A876C248-1E5D-4ED2-BD38-ECC14E863E89}.Release|Any CPU.ActiveCfg = Release|Any CPU
		{A876C248-1E5D-4ED2-BD38-ECC14E863E89}.Release|Any CPU.Build.0 = Release|Any CPU
	EndGlobalSection
	GlobalSection(SolutionProperties) = preSolution
		HideSolutionNode = FALSE
	EndGlobalSection
	GlobalSection(ExtensibilityGlobals) = postSolution
		SolutionGuid = {DF99F885-BDDF-49F7-9A1F-307DD77099EE}
	EndGlobalSection
EndGlobal
